{
  "pins" : [
    {
      "identity" : "klarna-mobile-sdk-spm",
      "kind" : "remoteSourceControl",
      "location" : "https://github.com/klarna/klarna-mobile-sdk-spm",
      "state" : {
        "revision" : "98dcee6108add4a131a1d32ceca4b40074f25766",
        "version" : "2.4.1"
      }
    }
  ],
  "version" : 2
}
